
Microsoft Visual Studio Solution File, Format Version 12.00
# Visual Studio Version 17
VisualStudioVersion = 17.13.35825.156
MinimumVisualStudioVersion = 10.0.40219.1
Project("{FAE04EC0-301F-11D3-BF4B-00C04F79EFBC}") = "ECommerce", "ECommerce517\ECommerce.csproj", "{167EDD97-92EB-4023-9FB2-7B309CA96B94}"
EndProject
Global
	GlobalSection(SolutionConfigurationPlatforms) = preSolution
		Debug|Any CPU = Debug|Any CPU
		Release|Any CPU = Release|Any CPU
	EndGlobalSection
	GlobalSection(ProjectConfigurationPlatforms) = postSolution
		{167EDD97-92EB-4023-9FB2-7B309CA96B94}.Debug|Any CPU.ActiveCfg = Debug|Any CPU
		{167EDD97-92EB-4023-9FB2-7B309CA96B94}.Debug|Any CPU.Build.0 = Debug|Any CPU
		{167EDD97-92EB-4023-9FB2-7B309CA96B94}.Release|Any CPU.ActiveCfg = Release|Any CPU
		{167EDD97-92EB-4023-9FB2-7B309CA96B94}.Release|Any CPU.Build.0 = Release|Any CPU
	EndGlobalSection
	GlobalSection(SolutionProperties) = preSolution
		HideSolutionNode = FALSE
	EndGlobalSection
	GlobalSection(ExtensibilityGlobals) = postSolution
		SolutionGuid = {B4A09C99-FA29-49DD-BC7C-A9AE63F221A9}
	EndGlobalSection
EndGlobal
